# Generated by pub
# See https://dart.dev/tools/pub/glossary#lockfile
packages:
  _flutterfire_internals:
    dependency: transitive
    description:
      name: _flutterfire_internals
      sha256: de9ecbb3ddafd446095f7e833c853aff2fa1682b017921fe63a833f9d6f0e422
      url: "https://pub.dev"
    source: hosted
    version: "1.3.54"
  android_path_provider:
    dependency: "direct overridden"
    description:
      name: android_path_provider
      sha256: "348eed457068b183c32278a5f678e079770ba545acc80d79eb7ff623da002e29"
      url: "https://pub.dev"
    source: hosted
    version: "0.3.1"
  animated_text_kit:
    dependency: "direct dev"
    description:
      name: animated_text_kit
      sha256: "37392a5376c9a1a503b02463c38bc0342ef814ddbb8f9977bc90f2a84b22fa92"
      url: "https://pub.dev"
    source: hosted
    version: "4.2.2"
  animations:
    dependency: "direct dev"
    description:
      name: animations
      sha256: ef57563eed3620bd5d75ad96189846aca1e033c0c45fc9a7d26e80ab02b88a70
      url: "https://pub.dev"
    source: hosted
    version: "2.0.8"
  archive:
    dependency: "direct overridden"
    description:
      name: archive
      sha256: "2fde1607386ab523f7a36bb3e7edb43bd58e6edaf2ffb29d8a6d578b297fdbbd"
      url: "https://pub.dev"
    source: hosted
    version: "4.0.7"
  args:
    dependency: transitive
    description:
      name: args
      sha256: eef6c46b622e0494a36c5a12d10d77fb4e855501a91c1b9ef9339326e58f0596
      url: "https://pub.dev"
    source: hosted
    version: "2.4.2"
  async:
    dependency: transitive
    description:
      name: async
      sha256: d2872f9c19731c2e5f10444b14686eb7cc85c76274bd6c16e1816bff9a3bab63
      url: "https://pub.dev"
    source: hosted
    version: "2.12.0"
  auto_size_text:
    dependency: "direct dev"
    description:
      name: auto_size_text
      sha256: "3f5261cd3fb5f2a9ab4e2fc3fba84fd9fcaac8821f20a1d4e71f557521b22599"
      url: "https://pub.dev"
    source: hosted
    version: "3.0.0"
  awesome_notifications:
    dependency: "direct dev"
    description:
      name: awesome_notifications
      sha256: "0d5fa4457f2ba4e536adc3ef6af709cdcecf4a05a1f3035981e9afa2f899b2a8"
      url: "https://pub.dev"
    source: hosted
    version: "0.10.1"
  boolean_selector:
    dependency: transitive
    description:
      name: boolean_selector
      sha256: "8aab1771e1243a5063b8b0ff68042d67334e3feab9e95b9490f9a6ebf73b42ea"
      url: "https://pub.dev"
    source: hosted
    version: "2.1.2"
  cached_network_image:
    dependency: "direct dev"
    description:
      name: cached_network_image
      sha256: f98972704692ba679db144261172a8e20feb145636c617af0eb4022132a6797f
      url: "https://pub.dev"
    source: hosted
    version: "3.3.0"
  cached_network_image_platform_interface:
    dependency: transitive
    description:
      name: cached_network_image_platform_interface
      sha256: "56aa42a7a01e3c9db8456d9f3f999931f1e05535b5a424271e9a38cabf066613"
      url: "https://pub.dev"
    source: hosted
    version: "3.0.0"
  cached_network_image_web:
    dependency: transitive
    description:
      name: cached_network_image_web
      sha256: "759b9a9f8f6ccbb66c185df805fac107f05730b1dab9c64626d1008cca532257"
      url: "https://pub.dev"
    source: hosted
    version: "1.1.0"
  carousel_slider:
    dependency: "direct dev"
    description:
      name: carousel_slider
      sha256: "7b006ec356205054af5beaef62e2221160ea36b90fb70a35e4deacd49d0349ae"
      url: "https://pub.dev"
    source: hosted
    version: "5.0.0"
  characters:
    dependency: transitive
    description:
      name: characters
      sha256: f71061c654a3380576a52b451dd5532377954cf9dbd272a78fc8479606670803
      url: "https://pub.dev"
    source: hosted
    version: "1.4.0"
  clock:
    dependency: transitive
    description:
      name: clock
      sha256: fddb70d9b5277016c77a80201021d40a2247104d9f4aa7bab7157b7e3f05b84b
      url: "https://pub.dev"
    source: hosted
    version: "1.1.2"
  cloud_firestore:
    dependency: "direct dev"
    description:
      name: cloud_firestore
      sha256: "89a5e32716794b6a8d0ec1b5dfda988194e92daedaa3f3bed66fa0d0a595252e"
      url: "https://pub.dev"
    source: hosted
    version: "5.6.6"
  cloud_firestore_platform_interface:
    dependency: transitive
    description:
      name: cloud_firestore_platform_interface
      sha256: "9f012844eb59be6827ed97415875c5a29ccacd28bc79bf85b4680738251a33df"
      url: "https://pub.dev"
    source: hosted
    version: "6.6.6"
  cloud_firestore_web:
    dependency: transitive
    description:
      name: cloud_firestore_web
      sha256: b8b754269be0e907acd9ff63ad60f66b84c78d330ca1d7e474f86c9527ddc803
      url: "https://pub.dev"
    source: hosted
    version: "4.4.6"
  collection:
    dependency: transitive
    description:
      name: collection
      sha256: "2f5709ae4d3d59dd8f7cd309b4e023046b57d8a6c82130785d2b0e5868084e76"
      url: "https://pub.dev"
    source: hosted
    version: "1.19.1"
  cross_file:
    dependency: transitive
    description:
      name: cross_file
      sha256: "2f9d2cbccb76127ba28528cb3ae2c2326a122446a83de5a056aaa3880d3882c5"
      url: "https://pub.dev"
    source: hosted
    version: "0.3.3+7"
  crypto:
    dependency: transitive
    description:
      name: crypto
      sha256: ff625774173754681d66daaf4a448684fb04b78f902da9cb3d308c19cc5e8bab
      url: "https://pub.dev"
    source: hosted
    version: "3.0.3"
  cupertino_icons:
    dependency: "direct main"
    description:
      name: cupertino_icons
      sha256: d57953e10f9f8327ce64a508a355f0b1ec902193f66288e8cb5070e7c47eeb2d
      url: "https://pub.dev"
    source: hosted
    version: "1.0.6"
  curl_logger_dio_interceptor:
    dependency: "direct dev"
    description:
      name: curl_logger_dio_interceptor
      sha256: f20d89187a321d2150e1412bca30ebf4d89130bafc648ce21bd4f1ef4062b214
      url: "https://pub.dev"
    source: hosted
    version: "1.0.0"
  curved_navigation_bar:
    dependency: "direct dev"
    description:
      name: curved_navigation_bar
      sha256: ea6412d00c5d83501bbf1cf9d1ac2ff11a20fbaf910c103c95ace7de82910334
      url: "https://pub.dev"
    source: hosted
    version: "1.0.3"
  dbus:
    dependency: transitive
    description:
      name: dbus
      sha256: "365c771ac3b0e58845f39ec6deebc76e3276aa9922b0cc60840712094d9047ac"
      url: "https://pub.dev"
    source: hosted
    version: "0.7.10"
  device_info_plus:
    dependency: "direct dev"
    description:
      name: device_info_plus
      sha256: "0042cb3b2a76413ea5f8a2b40cec2a33e01d0c937e91f0f7c211fde4f7739ba6"
      url: "https://pub.dev"
    source: hosted
    version: "9.1.1"
  device_info_plus_platform_interface:
    dependency: transitive
    description:
      name: device_info_plus_platform_interface
      sha256: d3b01d5868b50ae571cd1dc6e502fc94d956b665756180f7b16ead09e836fd64
      url: "https://pub.dev"
    source: hosted
    version: "7.0.0"
  dio:
    dependency: "direct dev"
    description:
      name: dio
      sha256: "01870acd87986f768e0c09cc4d7a19a59d814af7b34cbeb0b437d2c33bdfea4c"
      url: "https://pub.dev"
    source: hosted
    version: "5.3.4"
  equatable:
    dependency: transitive
    description:
      name: equatable
      sha256: c2b87cb7756efdf69892005af546c56c0b5037f54d2a88269b4f347a505e3ca2
      url: "https://pub.dev"
    source: hosted
    version: "2.0.5"
  fading_edge_scrollview:
    dependency: "direct overridden"
    description:
      name: fading_edge_scrollview
      sha256: "1f84fe3ea8e251d00d5735e27502a6a250e4aa3d3b330d3fdcb475af741464ef"
      url: "https://pub.dev"
    source: hosted
    version: "4.1.1"
  fake_async:
    dependency: transitive
    description:
      name: fake_async
      sha256: "6a95e56b2449df2273fd8c45a662d6947ce1ebb7aafe80e550a3f68297f3cacc"
      url: "https://pub.dev"
    source: hosted
    version: "1.3.2"
  ffi:
    dependency: transitive
    description:
      name: ffi
      sha256: "289279317b4b16eb2bb7e271abccd4bf84ec9bdcbe999e278a94b804f5630418"
      url: "https://pub.dev"
    source: hosted
    version: "2.1.4"
  file:
    dependency: transitive
    description:
      name: file
      sha256: "5fc22d7c25582e38ad9a8515372cd9a93834027aacf1801cf01164dac0ffa08c"
      url: "https://pub.dev"
    source: hosted
    version: "7.0.0"
  file_selector_linux:
    dependency: transitive
    description:
      name: file_selector_linux
      sha256: "045d372bf19b02aeb69cacf8b4009555fb5f6f0b7ad8016e5f46dd1387ddd492"
      url: "https://pub.dev"
    source: hosted
    version: "0.9.2+1"
  file_selector_macos:
    dependency: transitive
    description:
      name: file_selector_macos
      sha256: b15c3da8bd4908b9918111fa486903f5808e388b8d1c559949f584725a6594d6
      url: "https://pub.dev"
    source: hosted
    version: "0.9.3+3"
  file_selector_platform_interface:
    dependency: transitive
    description:
      name: file_selector_platform_interface
      sha256: "0aa47a725c346825a2bd396343ce63ac00bda6eff2fbc43eabe99737dede8262"
      url: "https://pub.dev"
    source: hosted
    version: "2.6.1"
  file_selector_windows:
    dependency: transitive
    description:
      name: file_selector_windows
      sha256: d3547240c20cabf205c7c7f01a50ecdbc413755814d6677f3cb366f04abcead0
      url: "https://pub.dev"
    source: hosted
    version: "0.9.3+1"
  firebase_analytics:
    dependency: "direct dev"
    description:
      name: firebase_analytics
      sha256: "2416b9d864412ab7b571dafded801bbcc7e29b5824623c055002d4d0819bea2b"
      url: "https://pub.dev"
    source: hosted
    version: "11.4.5"
  firebase_analytics_platform_interface:
    dependency: transitive
    description:
      name: firebase_analytics_platform_interface
      sha256: "3ccf5c876a8bea186016de4bcf53fc1bc6fa01236d740fb501d7ef9be356c58e"
      url: "https://pub.dev"
    source: hosted
    version: "4.3.5"
  firebase_analytics_web:
    dependency: transitive
    description:
      name: firebase_analytics_web
      sha256: "5e4e3f001b67c2034b76cb2a42a0eed330fb3a8fb41ad13eceb04e8d9a74f662"
      url: "https://pub.dev"
    source: hosted
    version: "0.5.10+11"
  firebase_core:
    dependency: "direct dev"
    description:
      name: firebase_core
      sha256: "017d17d9915670e6117497e640b2859e0b868026ea36bf3a57feb28c3b97debe"
      url: "https://pub.dev"
    source: hosted
    version: "3.13.0"
  firebase_core_platform_interface:
    dependency: transitive
    description:
      name: firebase_core_platform_interface
      sha256: d7253d255ff10f85cfd2adaba9ac17bae878fa3ba577462451163bd9f1d1f0bf
      url: "https://pub.dev"
    source: hosted
    version: "5.4.0"
  firebase_core_web:
    dependency: transitive
    description:
      name: firebase_core_web
      sha256: "129a34d1e0fb62e2b488d988a1fc26cc15636357e50944ffee2862efe8929b23"
      url: "https://pub.dev"
    source: hosted
    version: "2.22.0"
  firebase_messaging:
    dependency: "direct dev"
    description:
      name: firebase_messaging
      sha256: "5f8918848ee0c8eb172fc7698619b2bcd7dda9ade8b93522c6297dd8f9178356"
      url: "https://pub.dev"
    source: hosted
    version: "15.2.5"
  firebase_messaging_platform_interface:
    dependency: transitive
    description:
      name: firebase_messaging_platform_interface
      sha256: "0bbea00680249595fc896e7313a2bd90bd55be6e0abbe8b9a39d81b6b306acb6"
      url: "https://pub.dev"
    source: hosted
    version: "4.6.5"
  firebase_messaging_web:
    dependency: transitive
    description:
      name: firebase_messaging_web
      sha256: ffb392ce2a7e8439cd0a9a80e3c702194e73c927e5c7b4f0adf6faa00b245b17
      url: "https://pub.dev"
    source: hosted
    version: "3.10.5"
  fl_chart:
    dependency: "direct dev"
    description:
      name: fl_chart
      sha256: "6b9eb2b3017241d05c482c01f668dd05cc909ec9a0114fdd49acd958ff2432fa"
      url: "https://pub.dev"
    source: hosted
    version: "0.64.0"
  flame:
    dependency: "direct main"
    description:
      name: flame
      sha256: "24ce7b69bddc4f23aebdd9317fc24f08c37d4b42239baa00a34b768b6de9af85"
      url: "https://pub.dev"
    source: hosted
    version: "1.5.0"
  flutter:
    dependency: "direct main"
    description: flutter
    source: sdk
    version: "0.0.0"
  flutter_cache_manager:
    dependency: transitive
    description:
      name: flutter_cache_manager
      sha256: "8207f27539deb83732fdda03e259349046a39a4c767269285f449ade355d54ba"
      url: "https://pub.dev"
    source: hosted
    version: "3.3.1"
  flutter_keyboard_visibility:
    dependency: "direct dev"
    description:
      name: flutter_keyboard_visibility
      sha256: "4983655c26ab5b959252ee204c2fffa4afeb4413cd030455194ec0caa3b8e7cb"
      url: "https://pub.dev"
    source: hosted
    version: "5.4.1"
  flutter_keyboard_visibility_linux:
    dependency: transitive
    description:
      name: flutter_keyboard_visibility_linux
      sha256: "6fba7cd9bb033b6ddd8c2beb4c99ad02d728f1e6e6d9b9446667398b2ac39f08"
      url: "https://pub.dev"
    source: hosted
    version: "1.0.0"
  flutter_keyboard_visibility_macos:
    dependency: transitive
    description:
      name: flutter_keyboard_visibility_macos
      sha256: c5c49b16fff453dfdafdc16f26bdd8fb8d55812a1d50b0ce25fc8d9f2e53d086
      url: "https://pub.dev"
    source: hosted
    version: "1.0.0"
  flutter_keyboard_visibility_platform_interface:
    dependency: transitive
    description:
      name: flutter_keyboard_visibility_platform_interface
      sha256: e43a89845873f7be10cb3884345ceb9aebf00a659f479d1c8f4293fcb37022a4
      url: "https://pub.dev"
    source: hosted
    version: "2.0.0"
  flutter_keyboard_visibility_web:
    dependency: transitive
    description:
      name: flutter_keyboard_visibility_web
      sha256: d3771a2e752880c79203f8d80658401d0c998e4183edca05a149f5098ce6e3d1
      url: "https://pub.dev"
    source: hosted
    version: "2.0.0"
  flutter_keyboard_visibility_windows:
    dependency: transitive
    description:
      name: flutter_keyboard_visibility_windows
      sha256: fc4b0f0b6be9b93ae527f3d527fb56ee2d918cd88bbca438c478af7bcfd0ef73
      url: "https://pub.dev"
    source: hosted
    version: "1.0.0"
  flutter_lints:
    dependency: "direct dev"
    description:
      name: flutter_lints
      sha256: a25a15ebbdfc33ab1cd26c63a6ee519df92338a9c10f122adda92938253bef04
      url: "https://pub.dev"
    source: hosted
    version: "2.0.3"
  flutter_local_notifications:
    dependency: "direct dev"
    description:
      name: flutter_local_notifications
      sha256: "33b3e0269ae9d51669957a923f2376bee96299b09915d856395af8c4238aebfa"
      url: "https://pub.dev"
    source: hosted
    version: "19.1.0"
  flutter_local_notifications_linux:
    dependency: transitive
    description:
      name: flutter_local_notifications_linux
      sha256: e3c277b2daab8e36ac5a6820536668d07e83851aeeb79c446e525a70710770a5
      url: "https://pub.dev"
    source: hosted
    version: "6.0.0"
  flutter_local_notifications_platform_interface:
    dependency: transitive
    description:
      name: flutter_local_notifications_platform_interface
      sha256: "2569b973fc9d1f63a37410a9f7c1c552081226c597190cb359ef5d5762d1631c"
      url: "https://pub.dev"
    source: hosted
    version: "9.0.0"
  flutter_local_notifications_windows:
    dependency: transitive
    description:
      name: flutter_local_notifications_windows
      sha256: f8fc0652a601f83419d623c85723a3e82ad81f92b33eaa9bcc21ea1b94773e6e
      url: "https://pub.dev"
    source: hosted
    version: "1.0.0"
  flutter_plugin_android_lifecycle:
    dependency: "direct overridden"
    description:
      name: flutter_plugin_android_lifecycle
      sha256: f948e346c12f8d5480d2825e03de228d0eb8c3a737e4cdaa122267b89c022b5e
      url: "https://pub.dev"
    source: hosted
    version: "2.0.28"
  flutter_riverpod:
    dependency: "direct dev"
    description:
      name: flutter_riverpod
      sha256: d261b0f2461e0595b96f92ed807841eb72cea84a6b12b8fd0c76e5ed803e7921
      url: "https://pub.dev"
    source: hosted
    version: "2.4.8"
  flutter_screen_lock:
    dependency: "direct dev"
    description:
      name: flutter_screen_lock
      sha256: "525c198c9ecd0f2db88903bf061903fe88de3e9e04bcce5d6478727ff41408d0"
      url: "https://pub.dev"
    source: hosted
    version: "9.2.1+1"
  flutter_slidable:
    dependency: "direct dev"
    description:
      name: flutter_slidable
      sha256: ab7dbb16f783307c9d7762ede2593ce32c220ba2ba0fd540a3db8e9a3acba71a
      url: "https://pub.dev"
    source: hosted
    version: "4.0.0"
  flutter_spinkit:
    dependency: "direct dev"
    description:
      name: flutter_spinkit
      sha256: b39c753e909d4796906c5696a14daf33639a76e017136c8d82bf3e620ce5bb8e
      url: "https://pub.dev"
    source: hosted
    version: "5.2.0"
  flutter_svg:
    dependency: "direct dev"
    description:
      name: flutter_svg
      sha256: d39e7f95621fc84376bc0f7d504f05c3a41488c562f4a8ad410569127507402c
      url: "https://pub.dev"
    source: hosted
    version: "2.0.9"
  flutter_test:
    dependency: "direct dev"
    description: flutter
    source: sdk
    version: "0.0.0"
  flutter_web_plugins:
    dependency: transitive
    description: flutter
    source: sdk
    version: "0.0.0"
  fluttertoast:
    dependency: "direct dev"
    description:
      name: fluttertoast
      sha256: "25e51620424d92d3db3832464774a6143b5053f15e382d8ffbfd40b6e795dcf1"
      url: "https://pub.dev"
    source: hosted
    version: "8.2.12"
  get:
    dependency: "direct dev"
    description:
      name: get
      sha256: e4e7335ede17452b391ed3b2ede016545706c01a02292a6c97619705e7d2a85e
      url: "https://pub.dev"
    source: hosted
    version: "4.6.6"
  http:
    dependency: "direct dev"
    description:
      name: http
      sha256: fe7ab022b76f3034adc518fb6ea04a82387620e19977665ea18d30a1cf43442f
      url: "https://pub.dev"
    source: hosted
    version: "1.3.0"
  http_parser:
    dependency: transitive
    description:
      name: http_parser
      sha256: "2aa08ce0341cc9b354a498388e30986515406668dbcc4f7c950c3e715496693b"
      url: "https://pub.dev"
    source: hosted
    version: "4.0.2"
  image_picker:
    dependency: "direct dev"
    description:
      name: image_picker
      sha256: "7d7f2768df2a8b0a3cefa5ef4f84636121987d403130e70b17ef7e2cf650ba84"
      url: "https://pub.dev"
    source: hosted
    version: "1.0.4"
  image_picker_android:
    dependency: "direct overridden"
    description:
      name: image_picker_android
      sha256: "317a5d961cec5b34e777b9252393f2afbd23084aa6e60fcf601dcf6341b9ebeb"
      url: "https://pub.dev"
    source: hosted
    version: "0.8.12+23"
  image_picker_for_web:
    dependency: transitive
    description:
      name: image_picker_for_web
      sha256: "50bc9ae6a77eea3a8b11af5eb6c661eeb858fdd2f734c2a4fd17086922347ef7"
      url: "https://pub.dev"
    source: hosted
    version: "3.0.1"
  image_picker_ios:
    dependency: transitive
    description:
      name: image_picker_ios
      sha256: "76ec722aeea419d03aa915c2c96bf5b47214b053899088c9abb4086ceecf97a7"
      url: "https://pub.dev"
    source: hosted
    version: "0.8.8+4"
  image_picker_linux:
    dependency: transitive
    description:
      name: image_picker_linux
      sha256: "4ed1d9bb36f7cd60aa6e6cd479779cc56a4cb4e4de8f49d487b1aaad831300fa"
      url: "https://pub.dev"
    source: hosted
    version: "0.2.1+1"
  image_picker_macos:
    dependency: transitive
    description:
      name: image_picker_macos
      sha256: "3f5ad1e8112a9a6111c46d0b57a7be2286a9a07fc6e1976fdf5be2bd31d4ff62"
      url: "https://pub.dev"
    source: hosted
    version: "0.2.1+1"
  image_picker_platform_interface:
    dependency: transitive
    description:
      name: image_picker_platform_interface
      sha256: "886d57f0be73c4b140004e78b9f28a8914a09e50c2d816bdd0520051a71236a0"
      url: "https://pub.dev"
    source: hosted
    version: "2.10.1"
  image_picker_windows:
    dependency: transitive
    description:
      name: image_picker_windows
      sha256: "6ad07afc4eb1bc25f3a01084d28520496c4a3bb0cb13685435838167c9dcedeb"
      url: "https://pub.dev"
    source: hosted
    version: "0.2.1+1"
  intl:
    dependency: "direct dev"
    description:
      name: intl
      sha256: "3df61194eb431efc39c4ceba583b95633a403f46c9fd341e550ce0bfa50e9aa5"
      url: "https://pub.dev"
    source: hosted
    version: "0.20.2"
  js:
    dependency: transitive
    description:
      name: js
      sha256: f2c445dce49627136094980615a031419f7f3eb393237e4ecd97ac15dea343f3
      url: "https://pub.dev"
    source: hosted
    version: "0.6.7"
  leak_tracker:
    dependency: transitive
    description:
      name: leak_tracker
      sha256: c35baad643ba394b40aac41080300150a4f08fd0fd6a10378f8f7c6bc161acec
      url: "https://pub.dev"
    source: hosted
    version: "10.0.8"
  leak_tracker_flutter_testing:
    dependency: transitive
    description:
      name: leak_tracker_flutter_testing
      sha256: f8b613e7e6a13ec79cfdc0e97638fddb3ab848452eff057653abd3edba760573
      url: "https://pub.dev"
    source: hosted
    version: "3.0.9"
  leak_tracker_testing:
    dependency: transitive
    description:
      name: leak_tracker_testing
      sha256: "6ba465d5d76e67ddf503e1161d1f4a6bc42306f9d66ca1e8f079a47290fb06d3"
      url: "https://pub.dev"
    source: hosted
    version: "3.0.1"
  lints:
    dependency: transitive
    description:
      name: lints
      sha256: "0a217c6c989d21039f1498c3ed9f3ed71b354e69873f13a8dfc3c9fe76f1b452"
      url: "https://pub.dev"
    source: hosted
    version: "2.1.1"
  liquid_swipe:
    dependency: "direct dev"
    description:
      name: liquid_swipe
      sha256: "04277568a4a5a5e8e1dfa8b222b4e497e294cf64e72113d936fcc54ef0e29149"
      url: "https://pub.dev"
    source: hosted
    version: "3.1.0"
  lottie:
    dependency: "direct dev"
    description:
      name: lottie
      sha256: a93542cc2d60a7057255405f62252533f8e8956e7e06754955669fd32fb4b216
      url: "https://pub.dev"
    source: hosted
    version: "2.7.0"
  marquee:
    dependency: "direct dev"
    description:
      name: marquee
      sha256: a87e7e80c5d21434f90ad92add9f820cf68be374b226404fe881d2bba7be0862
      url: "https://pub.dev"
    source: hosted
    version: "2.3.0"
  matcher:
    dependency: transitive
    description:
      name: matcher
      sha256: dc58c723c3c24bf8d3e2d3ad3f2f9d7bd9cf43ec6feaa64181775e60190153f2
      url: "https://pub.dev"
    source: hosted
    version: "0.12.17"
  material_color_utilities:
    dependency: transitive
    description:
      name: material_color_utilities
      sha256: f7142bb1154231d7ea5f96bc7bde4bda2a0945d2806bb11670e30b850d56bdec
      url: "https://pub.dev"
    source: hosted
    version: "0.11.1"
  meta:
    dependency: transitive
    description:
      name: meta
      sha256: e3641ec5d63ebf0d9b41bd43201a66e3fc79a65db5f61fc181f04cd27aab950c
      url: "https://pub.dev"
    source: hosted
    version: "1.16.0"
  mime:
    dependency: transitive
    description:
      name: mime
      sha256: e4ff8e8564c03f255408decd16e7899da1733852a9110a58fe6d1b817684a63e
      url: "https://pub.dev"
    source: hosted
    version: "1.0.4"
  nested:
    dependency: transitive
    description:
      name: nested
      sha256: "03bac4c528c64c95c722ec99280375a6f2fc708eec17c7b3f07253b626cd2a20"
      url: "https://pub.dev"
    source: hosted
    version: "1.0.0"
  notification_center:
    dependency: "direct dev"
    description:
      name: notification_center
      sha256: "4ce046fbb6b30c99d9a88f2f98c6342aa9e9bba63d7b7be373c6d8f6751c92db"
      url: "https://pub.dev"
    source: hosted
    version: "0.0.3"
  octo_image:
    dependency: transitive
    description:
      name: octo_image
      sha256: "45b40f99622f11901238e18d48f5f12ea36426d8eced9f4cbf58479c7aa2430d"
      url: "https://pub.dev"
    source: hosted
    version: "2.0.0"
  ordered_set:
    dependency: transitive
    description:
      name: ordered_set
      sha256: "1bfaaaee0419e43ecc9eaebd410eb4bd5039657b72011de75ff3e2915c9aac60"
      url: "https://pub.dev"
    source: hosted
    version: "5.0.3"
  path:
    dependency: transitive
    description:
      name: path
      sha256: "75cca69d1490965be98c73ceaea117e8a04dd21217b37b292c9ddbec0d955bc5"
      url: "https://pub.dev"
    source: hosted
    version: "1.9.1"
  path_parsing:
    dependency: transitive
    description:
      name: path_parsing
      sha256: e3e67b1629e6f7e8100b367d3db6ba6af4b1f0bb80f64db18ef1fbabd2fa9ccf
      url: "https://pub.dev"
    source: hosted
    version: "1.0.1"
  path_provider:
    dependency: transitive
    description:
      name: path_provider
      sha256: a1aa8aaa2542a6bc57e381f132af822420216c80d4781f7aa085ca3229208aaa
      url: "https://pub.dev"
    source: hosted
    version: "2.1.1"
  path_provider_android:
    dependency: "direct overridden"
    description:
      name: path_provider_android
      sha256: d0d310befe2c8ab9e7f393288ccbb11b60c019c6b5afc21973eeee4dda2b35e9
      url: "https://pub.dev"
    source: hosted
    version: "2.2.17"
  path_provider_foundation:
    dependency: transitive
    description:
      name: path_provider_foundation
      sha256: "19314d595120f82aca0ba62787d58dde2cc6b5df7d2f0daf72489e38d1b57f2d"
      url: "https://pub.dev"
    source: hosted
    version: "2.3.1"
  path_provider_linux:
    dependency: transitive
    description:
      name: path_provider_linux
      sha256: f7a1fe3a634fe7734c8d3f2766ad746ae2a2884abe22e241a8b301bf5cac3279
      url: "https://pub.dev"
    source: hosted
    version: "2.2.1"
  path_provider_platform_interface:
    dependency: transitive
    description:
      name: path_provider_platform_interface
      sha256: "94b1e0dd80970c1ce43d5d4e050a9918fce4f4a775e6142424c30a29a363265c"
      url: "https://pub.dev"
    source: hosted
    version: "2.1.1"
  path_provider_windows:
    dependency: transitive
    description:
      name: path_provider_windows
      sha256: "8bc9f22eee8690981c22aa7fc602f5c85b497a6fb2ceb35ee5a5e5ed85ad8170"
      url: "https://pub.dev"
    source: hosted
    version: "2.2.1"
  percent_indicator:
    dependency: "direct dev"
    description:
      name: percent_indicator
      sha256: c37099ad833a883c9d71782321cb65c3a848c21b6939b6185f0ff6640d05814c
      url: "https://pub.dev"
    source: hosted
    version: "4.2.3"
  permission_handler:
    dependency: "direct dev"
    description:
      name: permission_handler
      sha256: "860c6b871c94c78e202dc69546d4d8fd84bd59faeb36f8fb9888668a53ff4f78"
      url: "https://pub.dev"
    source: hosted
    version: "11.1.0"
  permission_handler_android:
    dependency: "direct overridden"
    description:
      name: permission_handler_android
      sha256: "1e3bc410ca1bf84662104b100eb126e066cb55791b7451307f9708d4007350e6"
      url: "https://pub.dev"
    source: hosted
    version: "13.0.1"
  permission_handler_apple:
    dependency: transitive
    description:
      name: permission_handler_apple
      sha256: "1a816084338ada8d574b1cb48390e6e8b19305d5120fe3a37c98825bacc78306"
      url: "https://pub.dev"
    source: hosted
    version: "9.2.0"
  permission_handler_html:
    dependency: transitive
    description:
      name: permission_handler_html
      sha256: d96ff56a757b7f04fa825c469d296c5aebc55f743e87bd639fef91a466a24da8
      url: "https://pub.dev"
    source: hosted
    version: "0.1.0+1"
  permission_handler_platform_interface:
    dependency: transitive
    description:
      name: permission_handler_platform_interface
      sha256: eb99b295153abce5d683cac8c02e22faab63e50679b937fa1bf67d58bb282878
      url: "https://pub.dev"
    source: hosted
    version: "4.3.0"
  permission_handler_windows:
    dependency: transitive
    description:
      name: permission_handler_windows
      sha256: "1e8640c1e39121128da6b816d236e714d2cf17fac5a105dd6acdd3403a628004"
      url: "https://pub.dev"
    source: hosted
    version: "0.2.0"
  petitparser:
    dependency: transitive
    description:
      name: petitparser
      sha256: eeb2d1428ee7f4170e2bd498827296a18d4e7fc462b71727d111c0ac7707cfa6
      url: "https://pub.dev"
    source: hosted
    version: "6.0.1"
  platform:
    dependency: transitive
    description:
      name: platform
      sha256: "0a279f0707af40c890e80b1e9df8bb761694c074ba7e1d4ab1bc4b728e200b59"
      url: "https://pub.dev"
    source: hosted
    version: "3.1.3"
  plugin_platform_interface:
    dependency: transitive
    description:
      name: plugin_platform_interface
      sha256: "4820fbfdb9478b1ebae27888254d445073732dae3d6ea81f0b7e06d5dedc3f02"
      url: "https://pub.dev"
    source: hosted
    version: "2.1.8"
  posix:
    dependency: transitive
    description:
      name: posix
      sha256: f0d7856b6ca1887cfa6d1d394056a296ae33489db914e365e2044fdada449e62
      url: "https://pub.dev"
    source: hosted
    version: "6.0.2"
  pretty_dio_logger:
    dependency: "direct dev"
    description:
      name: pretty_dio_logger
      sha256: "00b80053063935cf9a6190da344c5373b9d0e92da4c944c878ff2fbef0ef6dc2"
      url: "https://pub.dev"
    source: hosted
    version: "1.3.1"
  provider:
    dependency: transitive
    description:
      name: provider
      sha256: "9a96a0a19b594dbc5bf0f1f27d2bc67d5f95957359b461cd9feb44ed6ae75096"
      url: "https://pub.dev"
    source: hosted
    version: "6.1.1"
  quickalert:
    dependency: "direct dev"
    description:
      name: quickalert
      sha256: "0c21c9be68b9ae76082e1ad56db9f51202a38e617e08376f05375238277cfb5a"
      url: "https://pub.dev"
    source: hosted
    version: "1.0.2"
  responsive_framework:
    dependency: "direct dev"
    description:
      name: responsive_framework
      sha256: a8e1c13d4ba980c60cbf6fa1e9907cd60662bf2585184d7c96ca46c43de91552
      url: "https://pub.dev"
    source: hosted
    version: "1.5.1"
  riverpod:
    dependency: transitive
    description:
      name: riverpod
      sha256: "08451ddbaad6eae73e2422d8109775885623340d721c6637b8719c9f4b478848"
      url: "https://pub.dev"
    source: hosted
    version: "2.4.8"
  rxdart:
    dependency: transitive
    description:
      name: rxdart
      sha256: "0c7c0cedd93788d996e33041ffecda924cc54389199cde4e6a34b440f50044cb"
      url: "https://pub.dev"
    source: hosted
    version: "0.27.7"
  shared_preferences:
    dependency: "direct dev"
    description:
      name: shared_preferences
      sha256: "6e8bf70b7fef813df4e9a36f658ac46d107db4b4cfe1048b477d4e453a8159f5"
      url: "https://pub.dev"
    source: hosted
    version: "2.5.3"
  shared_preferences_android:
    dependency: transitive
    description:
      name: shared_preferences_android
      sha256: "20cbd561f743a342c76c151d6ddb93a9ce6005751e7aa458baad3858bfbfb6ac"
      url: "https://pub.dev"
    source: hosted
    version: "2.4.10"
  shared_preferences_foundation:
    dependency: transitive
    description:
      name: shared_preferences_foundation
      sha256: "6a52cfcdaeac77cad8c97b539ff688ccfc458c007b4db12be584fbe5c0e49e03"
      url: "https://pub.dev"
    source: hosted
    version: "2.5.4"
  shared_preferences_linux:
    dependency: transitive
    description:
      name: shared_preferences_linux
      sha256: "580abfd40f415611503cae30adf626e6656dfb2f0cee8f465ece7b6defb40f2f"
      url: "https://pub.dev"
    source: hosted
    version: "2.4.1"
  shared_preferences_platform_interface:
    dependency: transitive
    description:
      name: shared_preferences_platform_interface
      sha256: "57cbf196c486bc2cf1f02b85784932c6094376284b3ad5779d1b1c6c6a816b80"
      url: "https://pub.dev"
    source: hosted
    version: "2.4.1"
  shared_preferences_web:
    dependency: transitive
    description:
      name: shared_preferences_web
      sha256: c49bd060261c9a3f0ff445892695d6212ff603ef3115edbb448509d407600019
      url: "https://pub.dev"
    source: hosted
    version: "2.4.3"
  shared_preferences_windows:
    dependency: transitive
    description:
      name: shared_preferences_windows
      sha256: "94ef0f72b2d71bc3e700e025db3710911bd51a71cefb65cc609dd0d9a982e3c1"
      url: "https://pub.dev"
    source: hosted
    version: "2.4.1"
  sky_engine:
    dependency: transitive
    description: flutter
    source: sdk
    version: "0.0.0"
  smooth_page_indicator:
    dependency: "direct dev"
    description:
      name: smooth_page_indicator
      sha256: "725bc638d5e79df0c84658e1291449996943f93bacbc2cec49963dbbab48d8ae"
      url: "https://pub.dev"
    source: hosted
    version: "1.1.0"
  source_span:
    dependency: transitive
    description:
      name: source_span
      sha256: "254ee5351d6cb365c859e20ee823c3bb479bf4a293c22d17a9f1bf144ce86f7c"
      url: "https://pub.dev"
    source: hosted
    version: "1.10.1"
  sprintf:
    dependency: transitive
    description:
      name: sprintf
      sha256: "1fc9ffe69d4df602376b52949af107d8f5703b77cda567c4d7d86a0693120f23"
      url: "https://pub.dev"
    source: hosted
    version: "7.0.0"
  sqflite:
    dependency: "direct overridden"
    description:
      name: sqflite
      sha256: e2297b1da52f127bc7a3da11439985d9b536f75070f3325e62ada69a5c585d03
      url: "https://pub.dev"
    source: hosted
    version: "2.4.2"
  sqflite_android:
    dependency: transitive
    description:
      name: sqflite_android
      sha256: "2b3070c5fa881839f8b402ee4a39c1b4d561704d4ebbbcfb808a119bc2a1701b"
      url: "https://pub.dev"
    source: hosted
    version: "2.4.1"
  sqflite_common:
    dependency: transitive
    description:
      name: sqflite_common
      sha256: "84731e8bfd8303a3389903e01fb2141b6e59b5973cacbb0929021df08dddbe8b"
      url: "https://pub.dev"
    source: hosted
    version: "2.5.5"
  sqflite_darwin:
    dependency: transitive
    description:
      name: sqflite_darwin
      sha256: "279832e5cde3fe99e8571879498c9211f3ca6391b0d818df4e17d9fff5c6ccb3"
      url: "https://pub.dev"
    source: hosted
    version: "2.4.2"
  sqflite_platform_interface:
    dependency: transitive
    description:
      name: sqflite_platform_interface
      sha256: "8dd4515c7bdcae0a785b0062859336de775e8c65db81ae33dd5445f35be61920"
      url: "https://pub.dev"
    source: hosted
    version: "2.4.0"
  stack_trace:
    dependency: transitive
    description:
      name: stack_trace
      sha256: "8b27215b45d22309b5cddda1aa2b19bdfec9df0e765f2de506401c071d38d1b1"
      url: "https://pub.dev"
    source: hosted
    version: "1.12.1"
  state_notifier:
    dependency: transitive
    description:
      name: state_notifier
      sha256: b8677376aa54f2d7c58280d5a007f9e8774f1968d1fb1c096adcb4792fba29bb
      url: "https://pub.dev"
    source: hosted
    version: "1.0.0"
  stream_channel:
    dependency: transitive
    description:
      name: stream_channel
      sha256: "969e04c80b8bcdf826f8f16579c7b14d780458bd97f56d107d3950fdbeef059d"
      url: "https://pub.dev"
    source: hosted
    version: "2.1.4"
  string_scanner:
    dependency: transitive
    description:
      name: string_scanner
      sha256: "921cd31725b72fe181906c6a94d987c78e3b98c2e205b397ea399d4054872b43"
      url: "https://pub.dev"
    source: hosted
    version: "1.4.1"
  syncfusion_flutter_charts:
    dependency: "direct dev"
    description:
      name: syncfusion_flutter_charts
      sha256: e2e1b79b1751104aac3b138278110aa4d0b2516c7a92a92d4ece32f05a24211a
      url: "https://pub.dev"
    source: hosted
    version: "29.1.39"
  syncfusion_flutter_core:
    dependency: transitive
    description:
      name: syncfusion_flutter_core
      sha256: "720ea28f0ab8f8c19fc613c20b978e514c7e4e431171fd85ed8da528e01298e0"
      url: "https://pub.dev"
    source: hosted
    version: "29.1.39"
  synchronized:
    dependency: transitive
    description:
      name: synchronized
      sha256: "5fcbd27688af6082f5abd611af56ee575342c30e87541d0245f7ff99faa02c60"
      url: "https://pub.dev"
    source: hosted
    version: "3.1.0"
  term_glyph:
    dependency: transitive
    description:
      name: term_glyph
      sha256: "7f554798625ea768a7518313e58f83891c7f5024f88e46e7182a4558850a4b8e"
      url: "https://pub.dev"
    source: hosted
    version: "1.2.2"
  test_api:
    dependency: transitive
    description:
      name: test_api
      sha256: fb31f383e2ee25fbbfe06b40fe21e1e458d14080e3c67e7ba0acfde4df4e0bbd
      url: "https://pub.dev"
    source: hosted
    version: "0.7.4"
  timezone:
    dependency: transitive
    description:
      name: timezone
      sha256: ffc9d5f4d1193534ef051f9254063fa53d588609418c84299956c3db9383587d
      url: "https://pub.dev"
    source: hosted
    version: "0.10.0"
  typed_data:
    dependency: transitive
    description:
      name: typed_data
      sha256: facc8d6582f16042dd49f2463ff1bd6e2c9ef9f3d5da3d9b087e244a7b564b3c
      url: "https://pub.dev"
    source: hosted
    version: "1.3.2"
  url_launcher:
    dependency: "direct dev"
    description:
      name: url_launcher
      sha256: "9d06212b1362abc2f0f0d78e6f09f726608c74e3b9462e8368bb03314aa8d603"
      url: "https://pub.dev"
    source: hosted
    version: "6.3.1"
  url_launcher_android:
    dependency: transitive
    description:
      name: url_launcher_android
      sha256: "8582d7f6fe14d2652b4c45c9b6c14c0b678c2af2d083a11b604caeba51930d79"
      url: "https://pub.dev"
    source: hosted
    version: "6.3.16"
  url_launcher_ios:
    dependency: transitive
    description:
      name: url_launcher_ios
      sha256: "7f2022359d4c099eea7df3fdf739f7d3d3b9faf3166fb1dd390775176e0b76cb"
      url: "https://pub.dev"
    source: hosted
    version: "6.3.3"
  url_launcher_linux:
    dependency: transitive
    description:
      name: url_launcher_linux
      sha256: "9f2d390e096fdbe1e6e6256f97851e51afc2d9c423d3432f1d6a02a8a9a8b9fd"
      url: "https://pub.dev"
    source: hosted
    version: "3.1.0"
  url_launcher_macos:
    dependency: transitive
    description:
      name: url_launcher_macos
      sha256: b7244901ea3cf489c5335bdacda07264a6e960b1c1b1a9f91e4bc371d9e68234
      url: "https://pub.dev"
    source: hosted
    version: "3.1.0"
  url_launcher_platform_interface:
    dependency: transitive
    description:
      name: url_launcher_platform_interface
      sha256: "552f8a1e663569be95a8190206a38187b531910283c3e982193e4f2733f01029"
      url: "https://pub.dev"
    source: hosted
    version: "2.3.2"
  url_launcher_web:
    dependency: transitive
    description:
      name: url_launcher_web
      sha256: "4bd2b7b4dc4d4d0b94e5babfffbca8eac1a126c7f3d6ecbc1a11013faa3abba2"
      url: "https://pub.dev"
    source: hosted
    version: "2.4.1"
  url_launcher_windows:
    dependency: transitive
    description:
      name: url_launcher_windows
      sha256: "7754a1ad30ee896b265f8d14078b0513a4dba28d358eabb9d5f339886f4a1adc"
      url: "https://pub.dev"
    source: hosted
    version: "3.1.0"
  uuid:
    dependency: transitive
    description:
      name: uuid
      sha256: df5a4d8f22ee4ccd77f8839ac7cb274ebc11ef9adcce8b92be14b797fe889921
      url: "https://pub.dev"
    source: hosted
    version: "4.2.1"
  vector_graphics:
    dependency: transitive
    description:
      name: vector_graphics
      sha256: "0f0c746dd2d6254a0057218ff980fc7f5670fd0fcf5e4db38a490d31eed4ad43"
      url: "https://pub.dev"
    source: hosted
    version: "1.1.9+1"
  vector_graphics_codec:
    dependency: transitive
    description:
      name: vector_graphics_codec
      sha256: "0edf6d630d1bfd5589114138ed8fada3234deacc37966bec033d3047c29248b7"
      url: "https://pub.dev"
    source: hosted
    version: "1.1.9+1"
  vector_graphics_compiler:
    dependency: transitive
    description:
      name: vector_graphics_compiler
      sha256: d24333727332d9bd20990f1483af4e09abdb9b1fc7c3db940b56ab5c42790c26
      url: "https://pub.dev"
    source: hosted
    version: "1.1.9+1"
  vector_math:
    dependency: transitive
    description:
      name: vector_math
      sha256: "80b3257d1492ce4d091729e3a67a60407d227c27241d6927be0130c98e741803"
      url: "https://pub.dev"
    source: hosted
    version: "2.1.4"
  vm_service:
    dependency: transitive
    description:
      name: vm_service
      sha256: "0968250880a6c5fe7edc067ed0a13d4bae1577fe2771dcf3010d52c4a9d3ca14"
      url: "https://pub.dev"
    source: hosted
    version: "14.3.1"
  web:
    dependency: transitive
    description:
      name: web
      sha256: "868d88a33d8a87b18ffc05f9f030ba328ffefba92d6c127917a2ba740f9cfe4a"
      url: "https://pub.dev"
    source: hosted
    version: "1.1.1"
  win32:
    dependency: "direct overridden"
    description:
      name: win32
      sha256: dc6ecaa00a7c708e5b4d10ee7bec8c270e9276dfcab1783f57e9962d7884305f
      url: "https://pub.dev"
    source: hosted
    version: "5.12.0"
  win32_registry:
    dependency: transitive
    description:
      name: win32_registry
      sha256: "41fd8a189940d8696b1b810efb9abcf60827b6cbfab90b0c43e8439e3a39d85a"
      url: "https://pub.dev"
    source: hosted
    version: "1.1.2"
  xdg_directories:
    dependency: transitive
    description:
      name: xdg_directories
      sha256: "589ada45ba9e39405c198fe34eb0f607cddb2108527e658136120892beac46d2"
      url: "https://pub.dev"
    source: hosted
    version: "1.0.3"
  xml:
    dependency: transitive
    description:
      name: xml
      sha256: b015a8ad1c488f66851d762d3090a21c600e479dc75e68328c52774040cf9226
      url: "https://pub.dev"
    source: hosted
    version: "6.5.0"
sdks:
  dart: ">=3.7.0 <4.0.0"
  flutter: ">=3.27.0"
